
Microsoft Visual Studio Solution File, Format Version 12.00
# Visual Studio Version 17
VisualStudioVersion = 17.7.34024.191
MinimumVisualStudioVersion = 10.0.40219.1
Project("{FAE04EC0-301F-11D3-BF4B-00C04F79EFBC}") = "ConsoleGame", "ConsoleGame.csproj", "{41B8848A-DA7E-4573-A959-C4BE997C2C8C}"
EndProject
Global
	GlobalSection(SolutionConfigurationPlatforms) = preSolution
		Debug|Any CPU = Debug|Any CPU
		Release|Any CPU = Release|Any CPU
	EndGlobalSection
	GlobalSection(ProjectConfigurationPlatforms) = postSolution
		{41B8848A-DA7E-4573-A959-C4BE997C2C8C}.Debug|Any CPU.ActiveCfg = Debug|Any CPU
		{41B8848A-DA7E-4573-A959-C4BE997C2C8C}.Debug|Any CPU.Build.0 = Debug|Any CPU
		{41B8848A-DA7E-4573-A959-C4BE997C2C8C}.Release|Any CPU.ActiveCfg = Release|Any CPU
		{41B8848A-DA7E-4573-A959-C4BE997C2C8C}.Release|Any CPU.Build.0 = Release|Any CPU
	EndGlobalSection
	GlobalSection(SolutionProperties) = preSolution
		HideSolutionNode = FALSE
	EndGlobalSection
	GlobalSection(ExtensibilityGlobals) = postSolution
		SolutionGuid = {588B5BE1-E411-4230-B309-0F2EEC3BA8E1}
	EndGlobalSection
EndGlobal
